Microsoft Visual Studio Solution File, Format Version 11.00
# Visual Studio 2010
Project("{FAE04EC0-301F-11D3-BF4B-00C04F79EFBC}") = "majiang", "Assembly-CSharp.csproj", "{F4A7D0AD-B359-0B14-A942-95A75B479CF5}"
EndProject
Project("{FAE04EC0-301F-11D3-BF4B-00C04F79EFBC}") = "majiang", "Assembly-CSharp-Editor.csproj", "{63E9AD33-40F0-2C96-F107-238083BAF8DF}"
EndProject
Global
	GlobalSection(SolutionConfigurationPlatforms) = preSolution
		Debug|Any CPU = Debug|Any CPU
		Release|Any CPU = Release|Any CPU
	EndGlobalSection
	GlobalSection(ProjectConfigurationPlatforms) = postSolution
		{F4A7D0AD-B359-0B14-A942-95A75B479CF5}.Debug|Any CPU.ActiveCfg = Debug|Any CPU
		{F4A7D0AD-B359-0B14-A942-95A75B479CF5}.Debug|Any CPU.Build.0 = Debug|Any CPU
		{F4A7D0AD-B359-0B14-A942-95A75B479CF5}.Release|Any CPU.ActiveCfg = Release|Any CPU
		{F4A7D0AD-B359-0B14-A942-95A75B479CF5}.Release|Any CPU.Build.0 = Release|Any CPU
		{63E9AD33-40F0-2C96-F107-238083BAF8DF}.Debug|Any CPU.ActiveCfg = Debug|Any CPU
		{63E9AD33-40F0-2C96-F107-238083BAF8DF}.Debug|Any CPU.Build.0 = Debug|Any CPU
		{63E9AD33-40F0-2C96-F107-238083BAF8DF}.Release|Any CPU.ActiveCfg = Release|Any CPU
		{63E9AD33-40F0-2C96-F107-238083BAF8DF}.Release|Any CPU.Build.0 = Release|Any CPU
	EndGlobalSection
	GlobalSection(MonoDevelopProperties) = preSolution
		StartupItem = Assembly-CSharp.csproj
	EndGlobalSection
EndGlobal
